
Microsoft Visual Studio Solution File, Format Version 12.00
# Visual Studio Version 17
VisualStudioVersion = 17.14.36429.23 d17.14
MinimumVisualStudioVersion = 10.0.40219.1
Project("{FAE04EC0-301F-11D3-BF4B-00C04F79EFBC}") = "Planszowa", "Planszowa\Planszowa.csproj", "{193CBA2C-2588-4C98-8EA1-775F95BD6622}"
EndProject
Global
	GlobalSection(SolutionConfigurationPlatforms) = preSolution
		Debug|Any CPU = Debug|Any CPU
		Release|Any CPU = Release|Any CPU
	EndGlobalSection
	GlobalSection(ProjectConfigurationPlatforms) = postSolution
		{193CBA2C-2588-4C98-8EA1-775F95BD6622}.Debug|Any CPU.ActiveCfg = Debug|Any CPU
		{193CBA2C-2588-4C98-8EA1-775F95BD6622}.Debug|Any CPU.Build.0 = Debug|Any CPU
		{193CBA2C-2588-4C98-8EA1-775F95BD6622}.Release|Any CPU.ActiveCfg = Release|Any CPU
		{193CBA2C-2588-4C98-8EA1-775F95BD6622}.Release|Any CPU.Build.0 = Release|Any CPU
	EndGlobalSection
	GlobalSection(SolutionProperties) = preSolution
		HideSolutionNode = FALSE
	EndGlobalSection
	GlobalSection(ExtensibilityGlobals) = postSolution
		SolutionGuid = {186A426D-CEDF-4154-A546-272044F9A035}
	EndGlobalSection
EndGlobal
